
Microsoft Visual Studio Solution File, Format Version 12.00
# Visual Studio Version 17
VisualStudioVersion = 17.6.33815.320
MinimumVisualStudioVersion = 10.0.40219.1
Project("{FAE04EC0-301F-11D3-BF4B-00C04F79EFBC}") = "SQL_Insert", "SQL_Insert.csproj", "{67E23570-0B4C-483F-95C6-2BAFEC837876}"
EndProject
Global
	GlobalSection(SolutionConfigurationPlatforms) = preSolution
		Debug|Any CPU = Debug|Any CPU
		Release|Any CPU = Release|Any CPU
	EndGlobalSection
	GlobalSection(ProjectConfigurationPlatforms) = postSolution
		{67E23570-0B4C-483F-95C6-2BAFEC837876}.Debug|Any CPU.ActiveCfg = Debug|Any CPU
		{67E23570-0B4C-483F-95C6-2BAFEC837876}.Debug|Any CPU.Build.0 = Debug|Any CPU
		{67E23570-0B4C-483F-95C6-2BAFEC837876}.Release|Any CPU.ActiveCfg = Release|Any CPU
		{67E23570-0B4C-483F-95C6-2BAFEC837876}.Release|Any CPU.Build.0 = Release|Any CPU
	EndGlobalSection
	GlobalSection(SolutionProperties) = preSolution
		HideSolutionNode = FALSE
	EndGlobalSection
	GlobalSection(ExtensibilityGlobals) = postSolution
		SolutionGuid = {1662D933-0006-4E65-9D38-C6858D1F190D}
	EndGlobalSection
EndGlobal
